
Microsoft Visual Studio Solution File, Format Version 12.00
# Visual Studio Version 17
VisualStudioVersion = 17.10.34814.14
MinimumVisualStudioVersion = 10.0.40219.1
Project("{FAE04EC0-301F-11D3-BF4B-00C04F79EFBC}") = "Packages.SerilogExample", "Packages.SerilogExample\Packages.SerilogExample.csproj", "{EA098B48-B412-4972-8EBB-50826D453E7A}"
EndProject
Global
	GlobalSection(SolutionConfigurationPlatforms) = preSolution
		Debug|Any CPU = Debug|Any CPU
		Release|Any CPU = Release|Any CPU
	EndGlobalSection
	GlobalSection(ProjectConfigurationPlatforms) = postSolution
		{EA098B48-B412-4972-8EBB-50826D453E7A}.Debug|Any CPU.ActiveCfg = Debug|Any CPU
		{EA098B48-B412-4972-8EBB-50826D453E7A}.Debug|Any CPU.Build.0 = Debug|Any CPU
		{EA098B48-B412-4972-8EBB-50826D453E7A}.Release|Any CPU.ActiveCfg = Release|Any CPU
		{EA098B48-B412-4972-8EBB-50826D453E7A}.Release|Any CPU.Build.0 = Release|Any CPU
	EndGlobalSection
	GlobalSection(SolutionProperties) = preSolution
		HideSolutionNode = FALSE
	EndGlobalSection
	GlobalSection(ExtensibilityGlobals) = postSolution
		SolutionGuid = {F57E557D-5A8C-46C5-855A-66217892E405}
	EndGlobalSection
EndGlobal
